
Microsoft Visual Studio Solution File, Format Version 10.00
# Visual Studio 2008
Project("{D183A3D8-5FD8-494B-B014-37F57B35E655}") = "DavinciImportForJSONFileCreation", "Integration Services Project1\DavinciImportForJSONFileCreation.dtproj", "{1D839839-79F0-418A-8217-BEFDB8E52398}"
EndProject
Global
	GlobalSection(SolutionConfigurationPlatforms) = preSolution
		Development|Default = Development|Default
	EndGlobalSection
	GlobalSection(ProjectConfigurationPlatforms) = postSolution
		{1D839839-79F0-418A-8217-BEFDB8E52398}.Development|Default.ActiveCfg = Development
		{1D839839-79F0-418A-8217-BEFDB8E52398}.Development|Default.Build.0 = Development
	EndGlobalSection
	GlobalSection(SolutionProperties) = preSolution
		HideSolutionNode = FALSE
	EndGlobalSection
EndGlobal
